// !$*UTF8*$!
{
	archiveVersion = 1;
	classes = {
	};
	objectVersion = 50;
	objects = {

/* Begin PBXBuildFile section */
		311174B121C70FD500928053 /* AppDelegate.swift in Sources */ = {isa = PBXBuildFile; fileRef = 311174B021C70FD500928053 /* AppDelegate.swift */; };
		311174B321C70FD500928053 /* ViewController.swift in Sources */ = {isa = PBXBuildFile; fileRef = 311174B221C70FD500928053 /* ViewController.swift */; };
		311174B621C70FD500928053 /* Main.storyboard in Resources */ = {isa = PBXBuildFile; fileRef = 311174B421C70FD500928053 /* Main.storyboard */; };
		311174B821C70FD600928053 /* Assets.xcassets in Resources */ = {isa = PBXBuildFile; fileRef = 311174B721C70FD600928053 /* Assets.xcassets */; };
		311174BB21C70FD600928053 /* LaunchScreen.storyboard in Resources */ = {isa = PBXBuildFile; fileRef = 311174B921C70FD600928053 /* LaunchScreen.storyboard */; };
		31F6D7E421C8593B003F2D1C /* SwipeController.swift in Sources */ = {isa = PBXBuildFile; fileRef = 31F6D7E321C8593B003F2D1C /* SwipeController.swift */; };
		31F6D7E621C85DE8003F2D1C /* PageCell.swift in Sources */ = {isa = PBXBuildFile; fileRef = 31F6D7E521C85DE8003F2D1C /* PageCell.swift */; };
		31F6D7E821C8637E003F2D1C /* Page.swift in Sources */ = {isa = PBXBuildFile; fileRef = 31F6D7E721C8637E003F2D1C /* Page.swift */; };
/* End PBXBuildFile section */

/* Begin PBXFileReference section */
		311174AD21C70FD500928053 /* AutoLayout_Programmatically.app */ = {isa = PBXFileReference; explicitFileType = wrapper.application; includeInIndex = 0; path = AutoLayout_Programmatically.app; sourceTree = BUILT_PRODUCTS_DIR; };
		311174B021C70FD500928053 /* AppDelegate.swift */ = {isa = PBXFileReference; lastKnownFileType = sourcecode.swift; path = AppDelegate.swift; sourceTree = "<group>"; };
		311174B221C70FD500928053 /* ViewController.swift */ = {isa = PBXFileReference; lastKnownFileType = sourcecode.swift; path = ViewController.swift; sourceTree = "<group>"; };
		311174B521C70FD500928053 /* Base */ = {isa = PBXFileReference; lastKnownFileType = file.storyboard; name = Base; path = Base.lproj/Main.storyboard; sourceTree = "<group>"; };
		311174B721C70FD600928053 /* Assets.xcassets */ = {isa = PBXFileReference; lastKnownFileType = folder.assetcatalog; path = Assets.xcassets; sourceTree = "<group>"; };
		311174BA21C70FD600928053 /* Base */ = {isa = PBXFileReference; lastKnownFileType = file.storyboard; name = Base; path = Base.lproj/LaunchScreen.storyboard; sourceTree = "<group>"; };
		311174BC21C70FD600928053 /* Info.plist */ = {isa = PBXFileReference; lastKnownFileType = text.plist.xml; path = Info.plist; sourceTree = "<group>"; };
		31F6D7E321C8593B003F2D1C /* SwipeController.swift */ = {isa = PBXFileReference; lastKnownFileType = sourcecode.swift; path = SwipeController.swift; sourceTree = "<group>"; };
		31F6D7E521C85DE8003F2D1C /* PageCell.swift */ = {isa = PBXFileReference; lastKnownFileType = sourcecode.swift; path = PageCell.swift; sourceTree = "<group>"; };
		31F6D7E721C8637E003F2D1C /* Page.swift */ = {isa = PBXFileReference; lastKnownFileType = sourcecode.swift; path = Page.swift; sourceTree = "<group>"; };
/* End PBXFileReference section */

/* Begin PBXFrameworksBuildPhase section */
		311174AA21C70FD500928053 /* Frameworks */ = {
			isa = PBXFrameworksBuildPhase;
			buildActionMask = 2147483647;
			files = (
			);
			runOnlyForDeploymentPostprocessing = 0;
		};
/* End PBXFrameworksBuildPhase section */

/* Begin PBXGroup section */
		311174A421C70FD500928053 = {
			isa = PBXGroup;
			children = (
				311174AF21C70FD500928053 /* AutoLayout_Programmatically */,
				311174AE21C70FD500928053 /* Products */,
			);
			sourceTree = "<group>";
		};
		311174AE21C70FD500928053 /* Products */ = {
			isa = PBXGroup;
			children = (
				311174AD21C70FD500928053 /* AutoLayout_Programmatically.app */,
			);
			name = Products;
			sourceTree = "<group>";
		};
		311174AF21C70FD500928053 /* AutoLayout_Programmatically */ = {
			isa = PBXGroup;
			children = (
				311174B021C70FD500928053 /* AppDelegate.swift */,
				311174B221C70FD500928053 /* ViewController.swift */,
				31F6D7E321C8593B003F2D1C /* SwipeController.swift */,
				31F6D7E721C8637E003F2D1C /* Page.swift */,
				31F6D7E521C85DE8003F2D1C /* PageCell.swift */,
				311174B421C70FD500928053 /* Main.storyboard */,
				311174B721C70FD600928053 /* Assets.xcassets */,
				311174B921C70FD600928053 /* LaunchScreen.storyboard */,
				311174BC21C70FD600928053 /* Info.plist */,
			);
			path = AutoLayout_Programmatically;
			sourceTree = "<group>";
		};
/* End PBXGroup section */

/* Begin PBXNativeTarget section */
		311174AC21C70FD500928053 /* AutoLayout_Programmatically */ = {
			isa = PBXNativeTarget;
			buildConfigurationList = 311174BF21C70FD600928053 /* Build configuration list for PBXNativeTarget "AutoLayout_Programmatically" */;
			buildPhases = (
				311174A921C70FD500928053 /* Sources */,
				311174AA21C70FD500928053 /* Frameworks */,
				311174AB21C70FD500928053 /* Resources */,
			);
			buildRules = (
			);
			dependencies = (
			);
			name = AutoLayout_Programmatically;
			productName = AutoLayout_Programmatically;
			productReference = 311174AD21C70FD500928053 /* AutoLayout_Programmatically.app */;
			productType = "com.apple.product-type.application";
		};
/* End PBXNativeTarget section */

/* Begin PBXProject section */
		311174A521C70FD500928053 /* Project object */ = {
			isa = PBXProject;
			attributes = {
				LastSwiftUpdateCheck = 1010;
				LastUpgradeCheck = 1010;
				ORGANIZATIONNAME = "Danni Chen";
				TargetAttributes = {
					311174AC21C70FD500928053 = {
						CreatedOnToolsVersion = 10.1;
					};
				};
			};
			buildConfigurationList = 311174A821C70FD500928053 /* Build configuration list for PBXProject "AutoLayout_Programmatically" */;
			compatibilityVersion = "Xcode 9.3";
			developmentRegion = en;
			hasScannedForEncodings = 0;
			knownRegions = (
				en,
				Base,
			);
			mainGroup = 311174A421C70FD500928053;
			productRefGroup = 311174AE21C70FD500928053 /* Products */;
			projectDirPath = "";
			projectRoot = "";
			targets = (
				311174AC21C70FD500928053 /* AutoLayout_Programmatically */,
			);
		};
/* End PBXProject section */

/* Begin PBXResourcesBuildPhase section */
		311174AB21C70FD500928053 /* Resources */ = {
			isa = PBXResourcesBuildPhase;
			buildActionMask = 2147483647;
			files = (
				311174BB21C70FD600928053 /* LaunchScreen.storyboard in Resources */,
				311174B821C70FD600928053 /* Assets.xcassets in Resources */,
				311174B621C70FD500928053 /* Main.storyboard in Resources */,
			);
			runOnlyForDeploymentPostprocessing = 0;
		};
/* End PBXResourcesBuildPhase section */

/* Begin PBXSourcesBuildPhase section */
		311174A921C70FD500928053 /* Sources */ = {
			isa = PBXSourcesBuildPhase;
			buildActionMask = 2147483647;
			files = (
				311174B321C70FD500928053 /* ViewController.swift in Sources */,
				311174B121C70FD500928053 /* AppDelegate.swift in Sources */,
				31F6D7E621C85DE8003F2D1C /* PageCell.swift in Sources */,
				31F6D7E421C8593B003F2D1C /* SwipeController.swift in Sources */,
				31F6D7E821C8637E003F2D1C /* Page.swift in Sources */,
			);
			runOnlyForDeploymentPostprocessing = 0;
		};
/* End PBXSourcesBuildPhase section */

/* Begin PBXVariantGroup section */
		311174B421C70FD500928053 /* Main.storyboard */ = {
			isa = PBXVariantGroup;
			children = (
				311174B521C70FD500928053 /* Base */,
			);
			name = Main.storyboard;
			sourceTree = "<group>";
		};
		311174B921C70FD600928053 /* LaunchScreen.storyboard */ = {
			isa = PBXVariantGroup;
			children = (
				311174BA21C70FD600928053 /* Base */,
			);
			name = LaunchScreen.storyboard;
			sourceTree = "<group>";
		};
/* End PBXVariantGroup section */

/* Begin XCBuildConfiguration section */
		311174BD21C70FD600928053 /* Debug */ = {
			isa = XCBuildConfiguration;
			buildSettings = {
				ALWAYS_SEARCH_USER_PATHS = NO;
				CLANG_ANALYZER_NONNULL = YES;
				CLANG_ANALYZER_NUMBER_OBJECT_CONVERSION = YES_AGGRESSIVE;
				CLANG_CXX_LANGUAGE_STANDARD = "gnu++14";
				CLANG_CXX_LIBRARY = "libc++";
				CLANG_ENABLE_MODULES = YES;
				CLANG_ENABLE_OBJC_ARC = YES;
				CLANG_ENABLE_OBJC_WEAK = YES;
				CLANG_WARN_BLOCK_CAPTURE_AUTORELEASING = YES;
				CLANG_WARN_BOOL_CONVERSION = YES;
				CLANG_WARN_COMMA = YES;
				CLANG_WARN_CONSTANT_CONVERSION = YES;
				CLANG_WARN_DEPRECATED_OBJC_IMPLEMENTATIONS = YES;
				CLANG_WARN_DIRECT_OBJC_ISA_USAGE = YES_ERROR;
				CLANG_WARN_DOCUMENTATION_COMMENTS = YES;
				CLANG_WARN_EMPTY_BODY = YES;
				CLANG_WARN_ENUM_CONVERSION = YES;
				CLANG_WARN_INFINITE_RECURSION = YES;
				CLANG_WARN_INT_CONVERSION = YES;
				CLANG_WARN_NON_LITERAL_NULL_CONVERSION = YES;
				CLANG_WARN_OBJC_IMPLICIT_RETAIN_SELF = YES;
				CLANG_WARN_OBJC_LITERAL_CONVERSION = YES;
				CLANG_WARN_OBJC_ROOT_CLASS = YES_ERROR;
				CLANG_WARN_RANGE_LOOP_ANALYSIS = YES;
				CLANG_WARN_STRICT_PROTOTYPES = YES;
				CLANG_WARN_SUSPICIOUS_MOVE = YES;
				CLANG_WARN_UNGUARDED_AVAILABILITY = YES_AGGRESSIVE;
				CLANG_WARN_UNREACHABLE_CODE = YES;
				CLANG_WARN__DUPLICATE_METHOD_MATCH = YES;
				CODE_SIGN_IDENTITY = "iPhone Developer";
				COPY_PHASE_STRIP = NO;
				DEBUG_INFORMATION_FORMAT = dwarf;
				ENABLE_STRICT_OBJC_MSGSEND = YES;
				ENABLE_TESTABILITY = YES;
				GCC_C_LANGUAGE_STANDARD = gnu11;
				GCC_DYNAMIC_NO_PIC = NO;
				GCC_NO_COMMON_BLOCKS = YES;
				GCC_OPTIMIZATION_LEVEL = 0;
				GCC_PREPROCESSOR_DEFINITIONS = (
					"DEBUG=1",
					"$(inherited)",
				);
				GCC_WARN_64_TO_32_BIT_CONVERSION = YES;
				GCC_WARN_ABOUT_RETURN_TYPE = YES_ERROR;
				GCC_WARN_UNDECLARED_SELECTOR = YES;
				GCC_WARN_UNINITIALIZED_AUTOS = YES_AGGRESSIVE;
				GCC_WARN_UNUSED_FUNCTION = YES;
				GCC_WARN_UNUSED_VARIABLE = YES;
				IPHONEOS_DEPLOYMENT_TARGET = 12.1;
				MTL_ENABLE_DEBUG_INFO = INCLUDE_SOURCE;
				MTL_FAST_MATH = YES;
				ONLY_ACTIVE_ARCH = YES;
				SDKROOT = iphoneos;
				SWIFT_ACTIVE_COMPILATION_CONDITIONS = DEBUG;
				SWIFT_OPTIMIZATION_LEVEL = "-Onone";
			};
			name = Debug;
		};
		311174BE21C70FD600928053 /* Release */ = {
			isa = XCBuildConfiguration;
			buildSettings = {
				ALWAYS_SEARCH_USER_PATHS = NO;
				CLANG_ANALYZER_NONNULL = YES;
				CLANG_ANALYZER_NUMBER_OBJECT_CONVERSION = YES_AGGRESSIVE;
				CLANG_CXX_LANGUAGE_STANDARD = "gnu++14";
				CLANG_CXX_LIBRARY = "libc++";
				CLANG_ENABLE_MODULES = YES;
				CLANG_ENABLE_OBJC_ARC = YES;
				CLANG_ENABLE_OBJC_WEAK = YES;
				CLANG_WARN_BLOCK_CAPTURE_AUTORELEASING = YES;
				CLANG_WARN_BOOL_CONVERSION = YES;
				CLANG_WARN_COMMA = YES;
				CLANG_WARN_CONSTANT_CONVERSION = YES;
				CLANG_WARN_DEPRECATED_OBJC_IMPLEMENTATIONS = YES;
				CLANG_WARN_DIRECT_OBJC_ISA_USAGE = YES_ERROR;
				CLANG_WARN_DOCUMENTATION_COMMENTS = YES;
				CLANG_WARN_EMPTY_BODY = YES;
				CLANG_WARN_ENUM_CONVERSION = YES;
				CLANG_WARN_INFINITE_RECURSION = YES;
				CLANG_WARN_INT_CONVERSION = YES;
				CLANG_WARN_NON_LITERAL_NULL_CONVERSION = YES;
				CLANG_WARN_OBJC_IMPLICIT_RETAIN_SELF = YES;
				CLANG_WARN_OBJC_LITERAL_CONVERSION = YES;
				CLANG_WARN_OBJC_ROOT_CLASS = YES_ERROR;
				CLANG_WARN_RANGE_LOOP_ANALYSIS = YES;
				CLANG_WARN_STRICT_PROTOTYPES = YES;
				CLANG_WARN_SUSPICIOUS_MOVE = YES;
				CLANG_WARN_UNGUARDED_AVAILABILITY = YES_AGGRESSIVE;
				CLANG_WARN_UNREACHABLE_CODE = YES;
				CLANG_WARN__DUPLICATE_METHOD_MATCH = YES;
				CODE_SIGN_IDENTITY = "iPhone Developer";
				COPY_PHASE_STRIP = NO;
				DEBUG_INFORMATION_FORMAT = "dwarf-with-dsym";
				ENABLE_NS_ASSERTIONS = NO;
				ENABLE_STRICT_OBJC_MSGSEND = YES;
				GCC_C_LANGUAGE_STANDARD = gnu11;
				GCC_NO_COMMON_BLOCKS = YES;
				GCC_WARN_64_TO_32_BIT_CONVERSION = YES;
				GCC_WARN_ABOUT_RETURN_TYPE = YES_ERROR;
				GCC_WARN_UNDECLARED_SELECTOR = YES;
				GCC_WARN_UNINITIALIZED_AUTOS = YES_AGGRESSIVE;
				GCC_WARN_UNUSED_FUNCTION = YES;
				GCC_WARN_UNUSED_VARIABLE = YES;
				IPHONEOS_DEPLOYMENT_TARGET = 12.1;
				MTL_ENABLE_DEBUG_INFO = NO;
				MTL_FAST_MATH = YES;
				SDKROOT = iphoneos;
				SWIFT_COMPILATION_MODE = wholemodule;
				SWIFT_OPTIMIZATION_LEVEL = "-O";
				VALIDATE_PRODUCT = YES;
			};
			name = Release;
		};
		311174C021C70FD600928053 /* Debug */ = {
			isa = XCBuildConfiguration;
			buildSettings = {
				ASSETCATALOG_COMPILER_APPICON_NAME = AppIcon;
				CODE_SIGN_STYLE = Automatic;
				DEVELOPMENT_TEAM = LQW6S5KD6L;
				INFOPLIST_FILE = AutoLayout_Programmatically/Info.plist;
				LD_RUNPATH_SEARCH_PATHS = (
					"$(inherited)",
					"@executable_path/Frameworks",
				);
				PRODUCT_BUNDLE_IDENTIFIER = "com.danni.chen.236.AutoLayout-Programmatically";
				PRODUCT_NAME = "$(TARGET_NAME)";
				SWIFT_VERSION = 4.2;
				TARGETED_DEVICE_FAMILY = "1,2";
			};
			name = Debug;
		};
		311174C121C70FD600928053 /* Release */ = {
			isa = XCBuildConfiguration;
			buildSettings = {
				ASSETCATALOG_COMPILER_APPICON_NAME = AppIcon;
				CODE_SIGN_STYLE = Automatic;
				DEVELOPMENT_TEAM = LQW6S5KD6L;
				INFOPLIST_FILE = AutoLayout_Programmatically/Info.plist;
				LD_RUNPATH_SEARCH_PATHS = (
					"$(inherited)",
					"@executable_path/Frameworks",
				);
				PRODUCT_BUNDLE_IDENTIFIER = "com.danni.chen.236.AutoLayout-Programmatically";
				PRODUCT_NAME = "$(TARGET_NAME)";
				SWIFT_VERSION = 4.2;
				TARGETED_DEVICE_FAMILY = "1,2";
			};
			name = Release;
		};
/* End XCBuildConfiguration section */

/* Begin XCConfigurationList section */
		311174A821C70FD500928053 /* Build configuration list for PBXProject "AutoLayout_Programmatically" */ = {
			isa = XCConfigurationList;
			buildConfigurations = (
				311174BD21C70FD600928053 /* Debug */,
				311174BE21C70FD600928053 /* Release */,
			);
			defaultConfigurationIsVisible = 0;
			defaultConfigurationName = Release;
		};
		311174BF21C70FD600928053 /* Build configuration list for PBXNativeTarget "AutoLayout_Programmatically" */ = {
			isa = XCConfigurationList;
			buildConfigurations = (
				311174C021C70FD600928053 /* Debug */,
				311174C121C70FD600928053 /* Release */,
			);
			defaultConfigurationIsVisible = 0;
			defaultConfigurationName = Release;
		};
/* End XCConfigurationList section */
	};
	rootObject = 311174A521C70FD500928053 /* Project object */;
}
